
Microsoft Visual Studio Solution File, Format Version 12.00
# Visual Studio Version 17
VisualStudioVersion = 17.7.34202.233
MinimumVisualStudioVersion = 10.0.40219.1
Project("{FAE04EC0-301F-11D3-BF4B-00C04F79EFBC}") = "WebApplication1", "WebApplication1\WebApplication1.csproj", "{D0B734DD-3E9C-4010-B3EF-FE28480FEE10}"
EndProject
Global
	GlobalSection(SolutionConfigurationPlatforms) = preSolution
		Debug|Any CPU = Debug|Any CPU
		Release|Any CPU = Release|Any CPU
	EndGlobalSection
	GlobalSection(ProjectConfigurationPlatforms) = postSolution
		{D0B734DD-3E9C-4010-B3EF-FE28480FEE10}.Debug|Any CPU.ActiveCfg = Debug|Any CPU
		{D0B734DD-3E9C-4010-B3EF-FE28480FEE10}.Debug|Any CPU.Build.0 = Debug|Any CPU
		{D0B734DD-3E9C-4010-B3EF-FE28480FEE10}.Release|Any CPU.ActiveCfg = Release|Any CPU
		{D0B734DD-3E9C-4010-B3EF-FE28480FEE10}.Release|Any CPU.Build.0 = Release|Any CPU
	EndGlobalSection
	GlobalSection(SolutionProperties) = preSolution
		HideSolutionNode = FALSE
	EndGlobalSection
	GlobalSection(ExtensibilityGlobals) = postSolution
		SolutionGuid = {2D3D6AA8-DEA2-425A-BF87-126CE6D3331D}
	EndGlobalSection
EndGlobal
